
Microsoft Visual Studio Solution File, Format Version 12.00
# Visual Studio Version 16
VisualStudioVersion = 16.0.29512.175
MinimumVisualStudioVersion = 10.0.40219.1
Project("{9A19103F-16F7-4668-BE54-9A1E7A4F7556}") = "TwentyFiveDaysOfServerless", "src\TwentyFiveDaysOfServerless.csproj", "{331F6887-1A33-4A06-A920-F9DD13A39735}"
EndProject
Global
	GlobalSection(SolutionConfigurationPlatforms) = preSolution
		Debug|Any CPU = Debug|Any CPU
		Release|Any CPU = Release|Any CPU
	EndGlobalSection
	GlobalSection(ProjectConfigurationPlatforms) = postSolution
		{331F6887-1A33-4A06-A920-F9DD13A39735}.Debug|Any CPU.ActiveCfg = Debug|Any CPU
		{331F6887-1A33-4A06-A920-F9DD13A39735}.Debug|Any CPU.Build.0 = Debug|Any CPU
		{331F6887-1A33-4A06-A920-F9DD13A39735}.Release|Any CPU.ActiveCfg = Release|Any CPU
		{331F6887-1A33-4A06-A920-F9DD13A39735}.Release|Any CPU.Build.0 = Release|Any CPU
	EndGlobalSection
	GlobalSection(SolutionProperties) = preSolution
		HideSolutionNode = FALSE
	EndGlobalSection
	GlobalSection(ExtensibilityGlobals) = postSolution
		SolutionGuid = {1D81B9BB-C454-426F-85A4-07DB3DB09150}
	EndGlobalSection
EndGlobal
